
Microsoft Visual Studio Solution File, Format Version 12.00
Project("{FAE04EC0-301F-11D3-BF4B-00C04F79EFBC}") = "App", "App\App.csproj", "{DE33723B-5A5B-4E33-90C7-853CC574153B}"
EndProject
Global
	GlobalSection(SolutionConfigurationPlatforms) = preSolution
		Debug|Any CPU = Debug|Any CPU
		Release|Any CPU = Release|Any CPU
	EndGlobalSection
	GlobalSection(ProjectConfigurationPlatforms) = postSolution
		{DE33723B-5A5B-4E33-90C7-853CC574153B}.Debug|Any CPU.ActiveCfg = Debug|Any CPU
		{DE33723B-5A5B-4E33-90C7-853CC574153B}.Debug|Any CPU.Build.0 = Debug|Any CPU
		{DE33723B-5A5B-4E33-90C7-853CC574153B}.Release|Any CPU.ActiveCfg = Release|Any CPU
		{DE33723B-5A5B-4E33-90C7-853CC574153B}.Release|Any CPU.Build.0 = Release|Any CPU
	EndGlobalSection
EndGlobal
